
Microsoft Visual Studio Solution File, Format Version 12.00
# Visual Studio 15
VisualStudioVersion = 15.0.28307.329
MinimumVisualStudioVersion = 10.0.40219.1
Project("{FAE04EC0-301F-11D3-BF4B-00C04F79EFBC}") = "snake", "snake\snake.csproj", "{BB6DA638-F1D7-4F05-AE6C-BD94AA8514EE}"
EndProject
Global
	GlobalSection(SolutionConfigurationPlatforms) = preSolution
		Debug|Any CPU = Debug|Any CPU
		Release|Any CPU = Release|Any CPU
	EndGlobalSection
	GlobalSection(ProjectConfigurationPlatforms) = postSolution
		{BB6DA638-F1D7-4F05-AE6C-BD94AA8514EE}.Debug|Any CPU.ActiveCfg = Debug|Any CPU
		{BB6DA638-F1D7-4F05-AE6C-BD94AA8514EE}.Debug|Any CPU.Build.0 = Debug|Any CPU
		{BB6DA638-F1D7-4F05-AE6C-BD94AA8514EE}.Release|Any CPU.ActiveCfg = Release|Any CPU
		{BB6DA638-F1D7-4F05-AE6C-BD94AA8514EE}.Release|Any CPU.Build.0 = Release|Any CPU
	EndGlobalSection
	GlobalSection(SolutionProperties) = preSolution
		HideSolutionNode = FALSE
	EndGlobalSection
	GlobalSection(ExtensibilityGlobals) = postSolution
		SolutionGuid = {690E9464-3813-43A6-A2F7-8388551B9A65}
	EndGlobalSection
EndGlobal
